// !$*UTF8*$!
{
	archiveVersion = 1;
	classes = {
	};
	objectVersion = 46;
	objects = {

/* Begin PBXBuildFile section */
		375FABDF1DA80A58004F9906 /* PartyCell.swift in Sources */ = {isa = PBXBuildFile; fileRef = 375FABDE1DA80A58004F9906 /* PartyCell.swift */; };
		375FABE11DA80C64004F9906 /* PartyRock.swift in Sources */ = {isa = PBXBuildFile; fileRef = 375FABE01DA80C64004F9906 /* PartyRock.swift */; };
		37B3B7B91DA6E1AB00010B49 /* AppDelegate.swift in Sources */ = {isa = PBXBuildFile; fileRef = 37B3B7B81DA6E1AB00010B49 /* AppDelegate.swift */; };
		37B3B7BB1DA6E1AB00010B49 /* MainVC.swift in Sources */ = {isa = PBXBuildFile; fileRef = 37B3B7BA1DA6E1AB00010B49 /* MainVC.swift */; };
		37B3B7BE1DA6E1AB00010B49 /* Main.storyboard in Resources */ = {isa = PBXBuildFile; fileRef = 37B3B7BC1DA6E1AB00010B49 /* Main.storyboard */; };
		37B3B7C01DA6E1AB00010B49 /* Assets.xcassets in Resources */ = {isa = PBXBuildFile; fileRef = 37B3B7BF1DA6E1AB00010B49 /* Assets.xcassets */; };
		37B3B7C31DA6E1AB00010B49 /* LaunchScreen.storyboard in Resources */ = {isa = PBXBuildFile; fileRef = 37B3B7C11DA6E1AB00010B49 /* LaunchScreen.storyboard */; };
		37B3B7CE1DA6E9E800010B49 /* still time.ttf in Resources */ = {isa = PBXBuildFile; fileRef = 37B3B7CD1DA6E9E800010B49 /* still time.ttf */; };
		37B3B7D11DA6EBFF00010B49 /* VideoVC.swift in Sources */ = {isa = PBXBuildFile; fileRef = 37B3B7D01DA6EBFF00010B49 /* VideoVC.swift */; };
/* End PBXBuildFile section */

/* Begin PBXFileReference section */
		375FABDE1DA80A58004F9906 /* PartyCell.swift */ = {isa = PBXFileReference; fileEncoding = 4; lastKnownFileType = sourcecode.swift; path = PartyCell.swift; sourceTree = "<group>"; };
		375FABE01DA80C64004F9906 /* PartyRock.swift */ = {isa = PBXFileReference; fileEncoding = 4; lastKnownFileType = sourcecode.swift; name = PartyRock.swift; path = ../PartyRock.swift; sourceTree = "<group>"; };
		37B3B7B51DA6E1AB00010B49 /* RockMyBoots.app */ = {isa = PBXFileReference; explicitFileType = wrapper.application; includeInIndex = 0; path = RockMyBoots.app; sourceTree = BUILT_PRODUCTS_DIR; };
		37B3B7B81DA6E1AB00010B49 /* AppDelegate.swift */ = {isa = PBXFileReference; lastKnownFileType = sourcecode.swift; path = AppDelegate.swift; sourceTree = "<group>"; };
		37B3B7BA1DA6E1AB00010B49 /* MainVC.swift */ = {isa = PBXFileReference; lastKnownFileType = sourcecode.swift; path = MainVC.swift; sourceTree = "<group>"; };
		37B3B7BD1DA6E1AB00010B49 /* Base */ = {isa = PBXFileReference; lastKnownFileType = file.storyboard; name = Base; path = Base.lproj/Main.storyboard; sourceTree = "<group>"; };
		37B3B7BF1DA6E1AB00010B49 /* Assets.xcassets */ = {isa = PBXFileReference; lastKnownFileType = folder.assetcatalog; path = Assets.xcassets; sourceTree = "<group>"; };
		37B3B7C21DA6E1AB00010B49 /* Base */ = {isa = PBXFileReference; lastKnownFileType = file.storyboard; name = Base; path = Base.lproj/LaunchScreen.storyboard; sourceTree = "<group>"; };
		37B3B7C41DA6E1AB00010B49 /* Info.plist */ = {isa = PBXFileReference; lastKnownFileType = text.plist.xml; path = Info.plist; sourceTree = "<group>"; };
		37B3B7CD1DA6E9E800010B49 /* still time.ttf */ = {isa = PBXFileReference; lastKnownFileType = file; name = "still time.ttf"; path = "RockMyBoots/still time.ttf"; sourceTree = "<group>"; };
		37B3B7D01DA6EBFF00010B49 /* VideoVC.swift */ = {isa = PBXFileReference; fileEncoding = 4; lastKnownFileType = sourcecode.swift; path = VideoVC.swift; sourceTree = "<group>"; };
/* End PBXFileReference section */

/* Begin PBXFrameworksBuildPhase section */
		37B3B7B21DA6E1AB00010B49 /* Frameworks */ = {
			isa = PBXFrameworksBuildPhase;
			buildActionMask = 2147483647;
			files = (
			);
			runOnlyForDeploymentPostprocessing = 0;
		};
/* End PBXFrameworksBuildPhase section */

/* Begin PBXGroup section */
		37B3B7AC1DA6E1AB00010B49 = {
			isa = PBXGroup;
			children = (
				37B3B7B71DA6E1AB00010B49 /* RockMyBoots */,
				37B3B7B61DA6E1AB00010B49 /* Products */,
			);
			sourceTree = "<group>";
		};
		37B3B7B61DA6E1AB00010B49 /* Products */ = {
			isa = PBXGroup;
			children = (
				37B3B7B51DA6E1AB00010B49 /* RockMyBoots.app */,
			);
			name = Products;
			sourceTree = "<group>";
		};
		37B3B7B71DA6E1AB00010B49 /* RockMyBoots */ = {
			isa = PBXGroup;
			children = (
				37B3B7CF1DA6EA2800010B49 /* Files */,
				37B3B7CC1DA6E22100010B49 /* Model */,
				37B3B7CB1DA6E21900010B49 /* View */,
				37B3B7CA1DA6E20000010B49 /* Controller */,
				37B3B7B81DA6E1AB00010B49 /* AppDelegate.swift */,
				37B3B7BC1DA6E1AB00010B49 /* Main.storyboard */,
				37B3B7BF1DA6E1AB00010B49 /* Assets.xcassets */,
				37B3B7C11DA6E1AB00010B49 /* LaunchScreen.storyboard */,
				37B3B7C41DA6E1AB00010B49 /* Info.plist */,
			);
			path = RockMyBoots;
			sourceTree = "<group>";
		};
		37B3B7CA1DA6E20000010B49 /* Controller */ = {
			isa = PBXGroup;
			children = (
				37B3B7D01DA6EBFF00010B49 /* VideoVC.swift */,
				37B3B7BA1DA6E1AB00010B49 /* MainVC.swift */,
			);
			name = Controller;
			sourceTree = "<group>";
		};
		37B3B7CB1DA6E21900010B49 /* View */ = {
			isa = PBXGroup;
			children = (
				375FABDE1DA80A58004F9906 /* PartyCell.swift */,
			);
			name = View;
			sourceTree = "<group>";
		};
		37B3B7CC1DA6E22100010B49 /* Model */ = {
			isa = PBXGroup;
			children = (
				375FABE01DA80C64004F9906 /* PartyRock.swift */,
			);
			name = Model;
			sourceTree = "<group>";
		};
		37B3B7CF1DA6EA2800010B49 /* Files */ = {
			isa = PBXGroup;
			children = (
				37B3B7CD1DA6E9E800010B49 /* still time.ttf */,
			);
			name = Files;
			path = ..;
			sourceTree = "<group>";
		};
/* End PBXGroup section */

/* Begin PBXNativeTarget section */
		37B3B7B41DA6E1AB00010B49 /* RockMyBoots */ = {
			isa = PBXNativeTarget;
			buildConfigurationList = 37B3B7C71DA6E1AB00010B49 /* Build configuration list for PBXNativeTarget "RockMyBoots" */;
			buildPhases = (
				37B3B7B11DA6E1AB00010B49 /* Sources */,
				37B3B7B21DA6E1AB00010B49 /* Frameworks */,
				37B3B7B31DA6E1AB00010B49 /* Resources */,
			);
			buildRules = (
			);
			dependencies = (
			);
			name = RockMyBoots;
			productName = RockMyBoots;
			productReference = 37B3B7B51DA6E1AB00010B49 /* RockMyBoots.app */;
			productType = "com.apple.product-type.application";
		};
/* End PBXNativeTarget section */

/* Begin PBXProject section */
		37B3B7AD1DA6E1AB00010B49 /* Project object */ = {
			isa = PBXProject;
			attributes = {
				LastSwiftUpdateCheck = 0800;
				LastUpgradeCheck = 0800;
				ORGANIZATIONNAME = "Chappy-App";
				TargetAttributes = {
					37B3B7B41DA6E1AB00010B49 = {
						CreatedOnToolsVersion = 8.0;
						DevelopmentTeam = 4WU9L65MXB;
						ProvisioningStyle = Automatic;
					};
				};
			};
			buildConfigurationList = 37B3B7B01DA6E1AB00010B49 /* Build configuration list for PBXProject "RockMyBoots" */;
			compatibilityVersion = "Xcode 3.2";
			developmentRegion = English;
			hasScannedForEncodings = 0;
			knownRegions = (
				en,
				Base,
			);
			mainGroup = 37B3B7AC1DA6E1AB00010B49;
			productRefGroup = 37B3B7B61DA6E1AB00010B49 /* Products */;
			projectDirPath = "";
			projectRoot = "";
			targets = (
				37B3B7B41DA6E1AB00010B49 /* RockMyBoots */,
			);
		};
/* End PBXProject section */

/* Begin PBXResourcesBuildPhase section */
		37B3B7B31DA6E1AB00010B49 /* Resources */ = {
			isa = PBXResourcesBuildPhase;
			buildActionMask = 2147483647;
			files = (
				37B3B7C31DA6E1AB00010B49 /* LaunchScreen.storyboard in Resources */,
				37B3B7CE1DA6E9E800010B49 /* still time.ttf in Resources */,
				37B3B7C01DA6E1AB00010B49 /* Assets.xcassets in Resources */,
				37B3B7BE1DA6E1AB00010B49 /* Main.storyboard in Resources */,
			);
			runOnlyForDeploymentPostprocessing = 0;
		};
/* End PBXResourcesBuildPhase section */

/* Begin PBXSourcesBuildPhase section */
		37B3B7B11DA6E1AB00010B49 /* Sources */ = {
			isa = PBXSourcesBuildPhase;
			buildActionMask = 2147483647;
			files = (
				37B3B7D11DA6EBFF00010B49 /* VideoVC.swift in Sources */,
				37B3B7BB1DA6E1AB00010B49 /* MainVC.swift in Sources */,
				375FABE11DA80C64004F9906 /* PartyRock.swift in Sources */,
				375FABDF1DA80A58004F9906 /* PartyCell.swift in Sources */,
				37B3B7B91DA6E1AB00010B49 /* AppDelegate.swift in Sources */,
			);
			runOnlyForDeploymentPostprocessing = 0;
		};
/* End PBXSourcesBuildPhase section */

/* Begin PBXVariantGroup section */
		37B3B7BC1DA6E1AB00010B49 /* Main.storyboard */ = {
			isa = PBXVariantGroup;
			children = (
				37B3B7BD1DA6E1AB00010B49 /* Base */,
			);
			name = Main.storyboard;
			sourceTree = "<group>";
		};
		37B3B7C11DA6E1AB00010B49 /* LaunchScreen.storyboard */ = {
			isa = PBXVariantGroup;
			children = (
				37B3B7C21DA6E1AB00010B49 /* Base */,
			);
			name = LaunchScreen.storyboard;
			sourceTree = "<group>";
		};
/* End PBXVariantGroup section */

/* Begin XCBuildConfiguration section */
		37B3B7C51DA6E1AB00010B49 /* Debug */ = {
			isa = XCBuildConfiguration;
			buildSettings = {
				ALWAYS_SEARCH_USER_PATHS = NO;
				CLANG_ANALYZER_NONNULL = YES;
				CLANG_CXX_LANGUAGE_STANDARD = "gnu++0x";
				CLANG_CXX_LIBRARY = "libc++";
				CLANG_ENABLE_MODULES = YES;
				CLANG_ENABLE_OBJC_ARC = YES;
				CLANG_WARN_BOOL_CONVERSION = YES;
				CLANG_WARN_CONSTANT_CONVERSION = YES;
				CLANG_WARN_DIRECT_OBJC_ISA_USAGE = YES_ERROR;
				CLANG_WARN_DOCUMENTATION_COMMENTS = YES;
				CLANG_WARN_EMPTY_BODY = YES;
				CLANG_WARN_ENUM_CONVERSION = YES;
				CLANG_WARN_INFINITE_RECURSION = YES;
				CLANG_WARN_INT_CONVERSION = YES;
				CLANG_WARN_OBJC_ROOT_CLASS = YES_ERROR;
				CLANG_WARN_SUSPICIOUS_MOVES = YES;
				CLANG_WARN_UNREACHABLE_CODE = YES;
				CLANG_WARN__DUPLICATE_METHOD_MATCH = YES;
				"CODE_SIGN_IDENTITY[sdk=iphoneos*]" = "iPhone Developer";
				COPY_PHASE_STRIP = NO;
				DEBUG_INFORMATION_FORMAT = dwarf;
				ENABLE_STRICT_OBJC_MSGSEND = YES;
				ENABLE_TESTABILITY = YES;
				GCC_C_LANGUAGE_STANDARD = gnu99;
				GCC_DYNAMIC_NO_PIC = NO;
				GCC_NO_COMMON_BLOCKS = YES;
				GCC_OPTIMIZATION_LEVEL = 0;
				GCC_PREPROCESSOR_DEFINITIONS = (
					"DEBUG=1",
					"$(inherited)",
				);
				GCC_WARN_64_TO_32_BIT_CONVERSION = YES;
				GCC_WARN_ABOUT_RETURN_TYPE = YES_ERROR;
				GCC_WARN_UNDECLARED_SELECTOR = YES;
				GCC_WARN_UNINITIALIZED_AUTOS = YES_AGGRESSIVE;
				GCC_WARN_UNUSED_FUNCTION = YES;
				GCC_WARN_UNUSED_VARIABLE = YES;
				IPHONEOS_DEPLOYMENT_TARGET = 10.0;
				MTL_ENABLE_DEBUG_INFO = YES;
				ONLY_ACTIVE_ARCH = YES;
				SDKROOT = iphoneos;
				SWIFT_ACTIVE_COMPILATION_CONDITIONS = DEBUG;
				SWIFT_OPTIMIZATION_LEVEL = "-Onone";
				TARGETED_DEVICE_FAMILY = "1,2";
			};
			name = Debug;
		};
		37B3B7C61DA6E1AB00010B49 /* Release */ = {
			isa = XCBuildConfiguration;
			buildSettings = {
				ALWAYS_SEARCH_USER_PATHS = NO;
				CLANG_ANALYZER_NONNULL = YES;
				CLANG_CXX_LANGUAGE_STANDARD = "gnu++0x";
				CLANG_CXX_LIBRARY = "libc++";
				CLANG_ENABLE_MODULES = YES;
				CLANG_ENABLE_OBJC_ARC = YES;
				CLANG_WARN_BOOL_CONVERSION = YES;
				CLANG_WARN_CONSTANT_CONVERSION = YES;
				CLANG_WARN_DIRECT_OBJC_ISA_USAGE = YES_ERROR;
				CLANG_WARN_DOCUMENTATION_COMMENTS = YES;
				CLANG_WARN_EMPTY_BODY = YES;
				CLANG_WARN_ENUM_CONVERSION = YES;
				CLANG_WARN_INFINITE_RECURSION = YES;
				CLANG_WARN_INT_CONVERSION = YES;
				CLANG_WARN_OBJC_ROOT_CLASS = YES_ERROR;
				CLANG_WARN_SUSPICIOUS_MOVES = YES;
				CLANG_WARN_UNREACHABLE_CODE = YES;
				CLANG_WARN__DUPLICATE_METHOD_MATCH = YES;
				"CODE_SIGN_IDENTITY[sdk=iphoneos*]" = "iPhone Developer";
				COPY_PHASE_STRIP = NO;
				DEBUG_INFORMATION_FORMAT = "dwarf-with-dsym";
				ENABLE_NS_ASSERTIONS = NO;
				ENABLE_STRICT_OBJC_MSGSEND = YES;
				GCC_C_LANGUAGE_STANDARD = gnu99;
				GCC_NO_COMMON_BLOCKS = YES;
				GCC_WARN_64_TO_32_BIT_CONVERSION = YES;
				GCC_WARN_ABOUT_RETURN_TYPE = YES_ERROR;
				GCC_WARN_UNDECLARED_SELECTOR = YES;
				GCC_WARN_UNINITIALIZED_AUTOS = YES_AGGRESSIVE;
				GCC_WARN_UNUSED_FUNCTION = YES;
				GCC_WARN_UNUSED_VARIABLE = YES;
				IPHONEOS_DEPLOYMENT_TARGET = 10.0;
				MTL_ENABLE_DEBUG_INFO = NO;
				SDKROOT = iphoneos;
				SWIFT_OPTIMIZATION_LEVEL = "-Owholemodule";
				TARGETED_DEVICE_FAMILY = "1,2";
				VALIDATE_PRODUCT = YES;
			};
			name = Release;
		};
		37B3B7C81DA6E1AB00010B49 /* Debug */ = {
			isa = XCBuildConfiguration;
			buildSettings = {
				ASSETCATALOG_COMPILER_APPICON_NAME = AppIcon;
				DEVELOPMENT_TEAM = 4WU9L65MXB;
				INFOPLIST_FILE = RockMyBoots/Info.plist;
				LD_RUNPATH_SEARCH_PATHS = "$(inherited) @executable_path/Frameworks";
				PRODUCT_BUNDLE_IDENTIFIER = "com.Chappy-App.RockMyBoots";
				PRODUCT_NAME = "$(TARGET_NAME)";
				SWIFT_VERSION = 3.0;
			};
			name = Debug;
		};
		37B3B7C91DA6E1AB00010B49 /* Release */ = {
			isa = XCBuildConfiguration;
			buildSettings = {
				ASSETCATALOG_COMPILER_APPICON_NAME = AppIcon;
				DEVELOPMENT_TEAM = 4WU9L65MXB;
				INFOPLIST_FILE = RockMyBoots/Info.plist;
				LD_RUNPATH_SEARCH_PATHS = "$(inherited) @executable_path/Frameworks";
				PRODUCT_BUNDLE_IDENTIFIER = "com.Chappy-App.RockMyBoots";
				PRODUCT_NAME = "$(TARGET_NAME)";
				SWIFT_VERSION = 3.0;
			};
			name = Release;
		};
/* End XCBuildConfiguration section */

/* Begin XCConfigurationList section */
		37B3B7B01DA6E1AB00010B49 /* Build configuration list for PBXProject "RockMyBoots" */ = {
			isa = XCConfigurationList;
			buildConfigurations = (
				37B3B7C51DA6E1AB00010B49 /* Debug */,
				37B3B7C61DA6E1AB00010B49 /* Release */,
			);
			defaultConfigurationIsVisible = 0;
			defaultConfigurationName = Release;
		};
		37B3B7C71DA6E1AB00010B49 /* Build configuration list for PBXNativeTarget "RockMyBoots" */ = {
			isa = XCConfigurationList;
			buildConfigurations = (
				37B3B7C81DA6E1AB00010B49 /* Debug */,
				37B3B7C91DA6E1AB00010B49 /* Release */,
			);
			defaultConfigurationIsVisible = 0;
			defaultConfigurationName = Release;
		};
/* End XCConfigurationList section */
	};
	rootObject = 37B3B7AD1DA6E1AB00010B49 /* Project object */;
}
